// !$*UTF8*$!
{
	archiveVersion = 1;
	classes = {
	};
	objectVersion = 46;
	objects = {

/* Begin PBXBuildFile section */
		221D393519BEBD47001690C4 /* PMLandingViewController.m in Sources */ = {isa = PBXBuildFile; fileRef = 221D393419BEBD47001690C4 /* PMLandingViewController.m */; };
		221D393919BEC7EE001690C4 /* free-medical-clipart-medical_stethoscope_black.png in Resources */ = {isa = PBXBuildFile; fileRef = 221D393819BEC7EE001690C4 /* free-medical-clipart-medical_stethoscope_black.png */; };
		221D393C19BECCAA001690C4 /* PMPhysicianCell.m in Sources */ = {isa = PBXBuildFile; fileRef = 221D393B19BECCAA001690C4 /* PMPhysicianCell.m */; };
		221D393F19BECDF6001690C4 /* PMPhysiciansViewController.m in Sources */ = {isa = PBXBuildFile; fileRef = 221D393E19BECDF6001690C4 /* PMPhysiciansViewController.m */; };
		221D394319BEDDAC001690C4 /* blank-clipboard-and-pen-with-stethoscope-870505.jpg in Resources */ = {isa = PBXBuildFile; fileRef = 221D394219BEDDAC001690C4 /* blank-clipboard-and-pen-with-stethoscope-870505.jpg */; };
		221D394619BEDFEB001690C4 /* PMAddAppointmentViewController.m in Sources */ = {isa = PBXBuildFile; fileRef = 221D394519BEDFEB001690C4 /* PMAddAppointmentViewController.m */; };
		221D394919BEDFFE001690C4 /* PMSaveAppointmentViewController.m in Sources */ = {isa = PBXBuildFile; fileRef = 221D394819BEDFFE001690C4 /* PMSaveAppointmentViewController.m */; };
		221D394C19BEE025001690C4 /* PMAppointmentRemindersViewController.m in Sources */ = {isa = PBXBuildFile; fileRef = 221D394B19BEE025001690C4 /* PMAppointmentRemindersViewController.m */; };
		226C0DB619C0AD9D0081E7BD /* ConfirmView.xib in Resources */ = {isa = PBXBuildFile; fileRef = 226C0DB519C0AD9D0081E7BD /* ConfirmView.xib */; };
		226C0DBC19C0AEAA0081E7BD /* ConfirmView.m in Sources */ = {isa = PBXBuildFile; fileRef = 226C0DBB19C0AEAA0081E7BD /* ConfirmView.m */; };
		2279D7DA19BF03D800DCFF33 /* ball-green.png in Resources */ = {isa = PBXBuildFile; fileRef = 2279D7D719BF03D800DCFF33 /* ball-green.png */; };
		2279D7DF19BF04BA00DCFF33 /* ball-orange.png in Resources */ = {isa = PBXBuildFile; fileRef = 2279D7DD19BF04BA00DCFF33 /* ball-orange.png */; };
		2279D7E019BF04BA00DCFF33 /* Blue_2DGlass_2DButton.png in Resources */ = {isa = PBXBuildFile; fileRef = 2279D7DE19BF04BA00DCFF33 /* Blue_2DGlass_2DButton.png */; };
		2279D7E419BF19DB00DCFF33 /* PMGetDayViewController.m in Sources */ = {isa = PBXBuildFile; fileRef = 2279D7E319BF19DB00DCFF33 /* PMGetDayViewController.m */; };
		22952EC919B6F2A60073E131 /* Utilities.m in Sources */ = {isa = PBXBuildFile; fileRef = 22952EC819B6F2A60073E131 /* Utilities.m */; };
		22952ECC19B6FFFF0073E131 /* PMFrequencyViewController.m in Sources */ = {isa = PBXBuildFile; fileRef = 22952ECB19B6FFFF0073E131 /* PMFrequencyViewController.m */; };
		22952ECF19B700130073E131 /* PMReminderPickerViewController.m in Sources */ = {isa = PBXBuildFile; fileRef = 22952ECE19B700130073E131 /* PMReminderPickerViewController.m */; };
		2299D02319B5947700AA6252 /* flip.png in Resources */ = {isa = PBXBuildFile; fileRef = 2299D02219B5947700AA6252 /* flip.png */; };
		2299D02719B5994600AA6252 /* PMEmptyRootViewController.m in Sources */ = {isa = PBXBuildFile; fileRef = 2299D02619B5994600AA6252 /* PMEmptyRootViewController.m */; };
		2299D02A19B599AF00AA6252 /* PMFrontPainLocationViewController.m in Sources */ = {isa = PBXBuildFile; fileRef = 2299D02919B599AF00AA6252 /* PMFrontPainLocationViewController.m */; };
		2299D02D19B599C200AA6252 /* PMBackPainLocationViewController.m in Sources */ = {isa = PBXBuildFile; fileRef = 2299D02C19B599C200AA6252 /* PMBackPainLocationViewController.m */; };
		2299D03319B5E56A00AA6252 /* methotrexate.jpeg in Resources */ = {isa = PBXBuildFile; fileRef = 2299D03019B5E56A00AA6252 /* methotrexate.jpeg */; };
		2299D03419B5E56A00AA6252 /* Plaquenil.jpg in Resources */ = {isa = PBXBuildFile; fileRef = 2299D03119B5E56A00AA6252 /* Plaquenil.jpg */; };
		2299D03519B5E56A00AA6252 /* sulfasalazine.jpeg in Resources */ = {isa = PBXBuildFile; fileRef = 2299D03219B5E56A00AA6252 /* sulfasalazine.jpeg */; };
		2299D03919B5E69600AA6252 /* PMAddMedicationViewController.m in Sources */ = {isa = PBXBuildFile; fileRef = 2299D03819B5E69600AA6252 /* PMAddMedicationViewController.m */; };
		2299D04419B5FEA800AA6252 /* PMMedicationReminderViewController.m in Sources */ = {isa = PBXBuildFile; fileRef = 2299D04319B5FEA800AA6252 /* PMMedicationReminderViewController.m */; };
		229A13AF19B97C020002BEA7 /* PMMedicationModal.m in Sources */ = {isa = PBXBuildFile; fileRef = 229A13AE19B97C020002BEA7 /* PMMedicationModal.m */; };
		229A13B219B9B6300002BEA7 /* PMOsteoMedicationViewController.m in Sources */ = {isa = PBXBuildFile; fileRef = 229A13B119B9B6300002BEA7 /* PMOsteoMedicationViewController.m */; };
		229A13B519B9CAB30002BEA7 /* PMScheduleViewController.m in Sources */ = {isa = PBXBuildFile; fileRef = 229A13B419B9CAB30002BEA7 /* PMScheduleViewController.m */; };
		22A79E4619B45D7900E00023 /* Foundation.framework in Frameworks */ = {isa = PBXBuildFile; fileRef = 22A79E4519B45D7900E00023 /* Foundation.framework */; };
		22A79E4819B45D7900E00023 /* CoreGraphics.framework in Frameworks */ = {isa = PBXBuildFile; fileRef = 22A79E4719B45D7900E00023 /* CoreGraphics.framework */; };
		22A79E4A19B45D7900E00023 /* UIKit.framework in Frameworks */ = {isa = PBXBuildFile; fileRef = 22A79E4919B45D7900E00023 /* UIKit.framework */; };
		22A79E5019B45D7900E00023 /* InfoPlist.strings in Resources */ = {isa = PBXBuildFile; fileRef = 22A79E4E19B45D7900E00023 /* InfoPlist.strings */; };
		22A79E5219B45D7900E00023 /* main.m in Sources */ = {isa = PBXBuildFile; fileRef = 22A79E5119B45D7900E00023 /* main.m */; };
		22A79E5619B45D7900E00023 /* PMAppDelegate.m in Sources */ = {isa = PBXBuildFile; fileRef = 22A79E5519B45D7900E00023 /* PMAppDelegate.m */; };
		22A79E5919B45D7900E00023 /* Main.storyboard in Resources */ = {isa = PBXBuildFile; fileRef = 22A79E5719B45D7900E00023 /* Main.storyboard */; };
		22A79E5E19B45D7900E00023 /* Images.xcassets in Resources */ = {isa = PBXBuildFile; fileRef = 22A79E5D19B45D7900E00023 /* Images.xcassets */; };
		22A79E6519B45D7900E00023 /* XCTest.framework in Frameworks */ = {isa = PBXBuildFile; fileRef = 22A79E6419B45D7900E00023 /* XCTest.framework */; };
		22A79E6619B45D7900E00023 /* Foundation.framework in Frameworks */ = {isa = PBXBuildFile; fileRef = 22A79E4519B45D7900E00023 /* Foundation.framework */; };
		22A79E6719B45D7900E00023 /* UIKit.framework in Frameworks */ = {isa = PBXBuildFile; fileRef = 22A79E4919B45D7900E00023 /* UIKit.framework */; };
		22A79E6F19B45D7900E00023 /* InfoPlist.strings in Resources */ = {isa = PBXBuildFile; fileRef = 22A79E6D19B45D7900E00023 /* InfoPlist.strings */; };
		22A79E7119B45D7900E00023 /* PainManagementAppTests.m in Sources */ = {isa = PBXBuildFile; fileRef = 22A79E7019B45D7900E00023 /* PainManagementAppTests.m */; };
		22A79E8019B4610800E00023 /* PMDashBoardViewController.m in Sources */ = {isa = PBXBuildFile; fileRef = 22A79E7F19B4610800E00023 /* PMDashBoardViewController.m */; };
		22A79E8219B4634400E00023 /* list.png in Resources */ = {isa = PBXBuildFile; fileRef = 22A79E8119B4634400E00023 /* list.png */; };
		22A79E8619B48A4200E00023 /* PMOverallPainViewController.m in Sources */ = {isa = PBXBuildFile; fileRef = 22A79E8519B48A4200E00023 /* PMOverallPainViewController.m */; };
		22A79E8919B48AC800E00023 /* PMOverallSliderCell.m in Sources */ = {isa = PBXBuildFile; fileRef = 22A79E8819B48AC800E00023 /* PMOverallSliderCell.m */; };
		22A79E8C19B490B500E00023 /* PMNotesTableCell.m in Sources */ = {isa = PBXBuildFile; fileRef = 22A79E8B19B490B500E00023 /* PMNotesTableCell.m */; };
		22BB7AED19C0498D00DD7D53 /* PMSelectDayOrDateViewController.m in Sources */ = {isa = PBXBuildFile; fileRef = 22BB7AEC19C0498D00DD7D53 /* PMSelectDayOrDateViewController.m */; };
		22BB7AF019C0718700DD7D53 /* PMConfirmCollectionViewCell.m in Sources */ = {isa = PBXBuildFile; fileRef = 22BB7AEF19C0718700DD7D53 /* PMConfirmCollectionViewCell.m */; };
		22E7DFBC19C01BD8000A1E7F /* PMSampleCollectionViewController.m in Sources */ = {isa = PBXBuildFile; fileRef = 22E7DFBB19C01BD8000A1E7F /* PMSampleCollectionViewController.m */; };
		22FC58E019C19E73008DF361 /* DashBoardMenuItems.plist in Resources */ = {isa = PBXBuildFile; fileRef = 22FC58DF19C19E73008DF361 /* DashBoardMenuItems.plist */; };
		22FC58E619C1A355008DF361 /* PMDataHandler.m in Sources */ = {isa = PBXBuildFile; fileRef = 22FC58E519C1A355008DF361 /* PMDataHandler.m */; };
		22FC58EA19C1A4DB008DF361 /* PMSignUpViewController.m in Sources */ = {isa = PBXBuildFile; fileRef = 22FC58E919C1A4DB008DF361 /* PMSignUpViewController.m */; };
		22FC58ED19C1A4EC008DF361 /* PMSignInViewController.m in Sources */ = {isa = PBXBuildFile; fileRef = 22FC58EC19C1A4EC008DF361 /* PMSignInViewController.m */; };
		CD2C4DCCF3C74B03BE1A08D0 /* libPods.a in Frameworks */ = {isa = PBXBuildFile; fileRef = C4EE4E37EE644B3E90371A78 /* libPods.a */; };
/* End PBXBuildFile section */

/* Begin PBXContainerItemProxy section */
		22A79E6819B45D7900E00023 /* PBXContainerItemProxy */ = {
			isa = PBXContainerItemProxy;
			containerPortal = 22A79E3A19B45D7900E00023 /* Project object */;
			proxyType = 1;
			remoteGlobalIDString = 22A79E4119B45D7900E00023;
			remoteInfo = PainManagementApp;
		};
/* End PBXContainerItemProxy section */

/* Begin PBXFileReference section */
		221D393319BEBD47001690C4 /* PMLandingViewController.h */ = {isa = PBXFileReference; fileEncoding = 4; lastKnownFileType = sourcecode.c.h; path = PMLandingViewController.h; sourceTree = "<group>"; };
		221D393419BEBD47001690C4 /* PMLandingViewController.m */ = {isa = PBXFileReference; fileEncoding = 4; lastKnownFileType = sourcecode.c.objc; path = PMLandingViewController.m; sourceTree = "<group>"; };
		221D393819BEC7EE001690C4 /* free-medical-clipart-medical_stethoscope_black.png */ = {isa = PBXFileReference; lastKnownFileType = image.png; path = "free-medical-clipart-medical_stethoscope_black.png"; sourceTree = "<group>"; };
		221D393A19BECCAA001690C4 /* PMPhysicianCell.h */ = {isa = PBXFileReference; fileEncoding = 4; lastKnownFileType = sourcecode.c.h; path = PMPhysicianCell.h; sourceTree = "<group>"; };
		221D393B19BECCAA001690C4 /* PMPhysicianCell.m */ = {isa = PBXFileReference; fileEncoding = 4; lastKnownFileType = sourcecode.c.objc; path = PMPhysicianCell.m; sourceTree = "<group>"; };
		221D393D19BECDF6001690C4 /* PMPhysiciansViewController.h */ = {isa = PBXFileReference; fileEncoding = 4; lastKnownFileType = sourcecode.c.h; path = PMPhysiciansViewController.h; sourceTree = "<group>"; };
		221D393E19BECDF6001690C4 /* PMPhysiciansViewController.m */ = {isa = PBXFileReference; fileEncoding = 4; lastKnownFileType = sourcecode.c.objc; path = PMPhysiciansViewController.m; sourceTree = "<group>"; };
		221D394219BEDDAC001690C4 /* blank-clipboard-and-pen-with-stethoscope-870505.jpg */ = {isa = PBXFileReference; lastKnownFileType = image.jpeg; path = "blank-clipboard-and-pen-with-stethoscope-870505.jpg"; sourceTree = "<group>"; };
		221D394419BEDFEB001690C4 /* PMAddAppointmentViewController.h */ = {isa = PBXFileReference; fileEncoding = 4; lastKnownFileType = sourcecode.c.h; path = PMAddAppointmentViewController.h; sourceTree = "<group>"; };
		221D394519BEDFEB001690C4 /* PMAddAppointmentViewController.m */ = {isa = PBXFileReference; fileEncoding = 4; lastKnownFileType = sourcecode.c.objc; path = PMAddAppointmentViewController.m; sourceTree = "<group>"; };
		221D394719BEDFFE001690C4 /* PMSaveAppointmentViewController.h */ = {isa = PBXFileReference; fileEncoding = 4; lastKnownFileType = sourcecode.c.h; path = PMSaveAppointmentViewController.h; sourceTree = "<group>"; };
		221D394819BEDFFE001690C4 /* PMSaveAppointmentViewController.m */ = {isa = PBXFileReference; fileEncoding = 4; lastKnownFileType = sourcecode.c.objc; path = PMSaveAppointmentViewController.m; sourceTree = "<group>"; };
		221D394A19BEE025001690C4 /* PMAppointmentRemindersViewController.h */ = {isa = PBXFileReference; fileEncoding = 4; lastKnownFileType = sourcecode.c.h; path = PMAppointmentRemindersViewController.h; sourceTree = "<group>"; };
		221D394B19BEE025001690C4 /* PMAppointmentRemindersViewController.m */ = {isa = PBXFileReference; fileEncoding = 4; lastKnownFileType = sourcecode.c.objc; path = PMAppointmentRemindersViewController.m; sourceTree = "<group>"; };
		226C0DB519C0AD9D0081E7BD /* ConfirmView.xib */ = {isa = PBXFileReference; fileEncoding = 4; lastKnownFileType = file.xib; path = ConfirmView.xib; sourceTree = "<group>"; };
		226C0DBA19C0AEAA0081E7BD /* ConfirmView.h */ = {isa = PBXFileReference; fileEncoding = 4; lastKnownFileType = sourcecode.c.h; path = ConfirmView.h; sourceTree = "<group>"; };
		226C0DBB19C0AEAA0081E7BD /* ConfirmView.m */ = {isa = PBXFileReference; fileEncoding = 4; lastKnownFileType = sourcecode.c.objc; path = ConfirmView.m; sourceTree = "<group>"; };
		2279D7D719BF03D800DCFF33 /* ball-green.png */ = {isa = PBXFileReference; lastKnownFileType = image.png; path = "ball-green.png"; sourceTree = "<group>"; };
		2279D7DD19BF04BA00DCFF33 /* ball-orange.png */ = {isa = PBXFileReference; lastKnownFileType = image.png; path = "ball-orange.png"; sourceTree = "<group>"; };
		2279D7DE19BF04BA00DCFF33 /* Blue_2DGlass_2DButton.png */ = {isa = PBXFileReference; lastKnownFileType = image.png; path = Blue_2DGlass_2DButton.png; sourceTree = "<group>"; };
		2279D7E219BF19DB00DCFF33 /* PMGetDayViewController.h */ = {isa = PBXFileReference; fileEncoding = 4; lastKnownFileType = sourcecode.c.h; path = PMGetDayViewController.h; sourceTree = "<group>"; };
		2279D7E319BF19DB00DCFF33 /* PMGetDayViewController.m */ = {isa = PBXFileReference; fileEncoding = 4; lastKnownFileType = sourcecode.c.objc; path = PMGetDayViewController.m; sourceTree = "<group>"; };
		22952EC719B6F2A60073E131 /* Utilities.h */ = {isa = PBXFileReference; fileEncoding = 4; lastKnownFileType = sourcecode.c.h; path = Utilities.h; sourceTree = "<group>"; };
		22952EC819B6F2A60073E131 /* Utilities.m */ = {isa = PBXFileReference; fileEncoding = 4; lastKnownFileType = sourcecode.c.objc; path = Utilities.m; sourceTree = "<group>"; };
		22952ECA19B6FFFF0073E131 /* PMFrequencyViewController.h */ = {isa = PBXFileReference; fileEncoding = 4; lastKnownFileType = sourcecode.c.h; path = PMFrequencyViewController.h; sourceTree = "<group>"; };
		22952ECB19B6FFFF0073E131 /* PMFrequencyViewController.m */ = {isa = PBXFileReference; fileEncoding = 4; lastKnownFileType = sourcecode.c.objc; path = PMFrequencyViewController.m; sourceTree = "<group>"; };
		22952ECD19B700130073E131 /* PMReminderPickerViewController.h */ = {isa = PBXFileReference; fileEncoding = 4; lastKnownFileType = sourcecode.c.h; path = PMReminderPickerViewController.h; sourceTree = "<group>"; };
		22952ECE19B700130073E131 /* PMReminderPickerViewController.m */ = {isa = PBXFileReference; fileEncoding = 4; lastKnownFileType = sourcecode.c.objc; path = PMReminderPickerViewController.m; sourceTree = "<group>"; };
		2299D02219B5947700AA6252 /* flip.png */ = {isa = PBXFileReference; lastKnownFileType = image.png; path = flip.png; sourceTree = "<group>"; };
		2299D02519B5994600AA6252 /* PMEmptyRootViewController.h */ = {isa = PBXFileReference; fileEncoding = 4; lastKnownFileType = sourcecode.c.h; path = PMEmptyRootViewController.h; sourceTree = "<group>"; };
		2299D02619B5994600AA6252 /* PMEmptyRootViewController.m */ = {isa = PBXFileReference; fileEncoding = 4; lastKnownFileType = sourcecode.c.objc; path = PMEmptyRootViewController.m; sourceTree = "<group>"; };
		2299D02819B599AF00AA6252 /* PMFrontPainLocationViewController.h */ = {isa = PBXFileReference; fileEncoding = 4; lastKnownFileType = sourcecode.c.h; path = PMFrontPainLocationViewController.h; sourceTree = "<group>"; };
		2299D02919B599AF00AA6252 /* PMFrontPainLocationViewController.m */ = {isa = PBXFileReference; fileEncoding = 4; lastKnownFileType = sourcecode.c.objc; path = PMFrontPainLocationViewController.m; sourceTree = "<group>"; };
		2299D02B19B599C200AA6252 /* PMBackPainLocationViewController.h */ = {isa = PBXFileReference; fileEncoding = 4; lastKnownFileType = sourcecode.c.h; path = PMBackPainLocationViewController.h; sourceTree = "<group>"; };
		2299D02C19B599C200AA6252 /* PMBackPainLocationViewController.m */ = {isa = PBXFileReference; fileEncoding = 4; lastKnownFileType = sourcecode.c.objc; path = PMBackPainLocationViewController.m; sourceTree = "<group>"; };
		2299D03019B5E56A00AA6252 /* methotrexate.jpeg */ = {isa = PBXFileReference; lastKnownFileType = image.jpeg; path = methotrexate.jpeg; sourceTree = "<group>"; };
		2299D03119B5E56A00AA6252 /* Plaquenil.jpg */ = {isa = PBXFileReference; lastKnownFileType = image.jpeg; path = Plaquenil.jpg; sourceTree = "<group>"; };
		2299D03219B5E56A00AA6252 /* sulfasalazine.jpeg */ = {isa = PBXFileReference; lastKnownFileType = image.jpeg; path = sulfasalazine.jpeg; sourceTree = "<group>"; };
		2299D03719B5E69600AA6252 /* PMAddMedicationViewController.h */ = {isa = PBXFileReference; fileEncoding = 4; lastKnownFileType = sourcecode.c.h; path = PMAddMedicationViewController.h; sourceTree = "<group>"; };
		2299D03819B5E69600AA6252 /* PMAddMedicationViewController.m */ = {isa = PBXFileReference; fileEncoding = 4; lastKnownFileType = sourcecode.c.objc; path = PMAddMedicationViewController.m; sourceTree = "<group>"; };
		2299D04219B5FEA800AA6252 /* PMMedicationReminderViewController.h */ = {isa = PBXFileReference; fileEncoding = 4; lastKnownFileType = sourcecode.c.h; path = PMMedicationReminderViewController.h; sourceTree = "<group>"; };
		2299D04319B5FEA800AA6252 /* PMMedicationReminderViewController.m */ = {isa = PBXFileReference; fileEncoding = 4; lastKnownFileType = sourcecode.c.objc; path = PMMedicationReminderViewController.m; sourceTree = "<group>"; };
		229A13AD19B97C020002BEA7 /* PMMedicationModal.h */ = {isa = PBXFileReference; fileEncoding = 4; lastKnownFileType = sourcecode.c.h; path = PMMedicationModal.h; sourceTree = "<group>"; };
		229A13AE19B97C020002BEA7 /* PMMedicationModal.m */ = {isa = PBXFileReference; fileEncoding = 4; lastKnownFileType = sourcecode.c.objc; path = PMMedicationModal.m; sourceTree = "<group>"; };
		229A13B019B9B6300002BEA7 /* PMOsteoMedicationViewController.h */ = {isa = PBXFileReference; fileEncoding = 4; lastKnownFileType = sourcecode.c.h; path = PMOsteoMedicationViewController.h; sourceTree = "<group>"; };
		229A13B119B9B6300002BEA7 /* PMOsteoMedicationViewController.m */ = {isa = PBXFileReference; fileEncoding = 4; lastKnownFileType = sourcecode.c.objc; path = PMOsteoMedicationViewController.m; sourceTree = "<group>"; };
		229A13B319B9CAB30002BEA7 /* PMScheduleViewController.h */ = {isa = PBXFileReference; fileEncoding = 4; lastKnownFileType = sourcecode.c.h; path = PMScheduleViewController.h; sourceTree = "<group>"; };
		229A13B419B9CAB30002BEA7 /* PMScheduleViewController.m */ = {isa = PBXFileReference; fileEncoding = 4; lastKnownFileType = sourcecode.c.objc; path = PMScheduleViewController.m; sourceTree = "<group>"; };
		22A79E4219B45D7900E00023 /* PainManagementApp.app */ = {isa = PBXFileReference; explicitFileType = wrapper.application; includeInIndex = 0; path = PainManagementApp.app; sourceTree = BUILT_PRODUCTS_DIR; };
		22A79E4519B45D7900E00023 /* Foundation.framework */ = {isa = PBXFileReference; lastKnownFileType = wrapper.framework; name = Foundation.framework; path = System/Library/Frameworks/Foundation.framework; sourceTree = SDKROOT; };
		22A79E4719B45D7900E00023 /* CoreGraphics.framework */ = {isa = PBXFileReference; lastKnownFileType = wrapper.framework; name = CoreGraphics.framework; path = System/Library/Frameworks/CoreGraphics.framework; sourceTree = SDKROOT; };
		22A79E4919B45D7900E00023 /* UIKit.framework */ = {isa = PBXFileReference; lastKnownFileType = wrapper.framework; name = UIKit.framework; path = System/Library/Frameworks/UIKit.framework; sourceTree = SDKROOT; };
		22A79E4D19B45D7900E00023 /* PainManagementApp-Info.plist */ = {isa = PBXFileReference; lastKnownFileType = text.plist.xml; path = "PainManagementApp-Info.plist"; sourceTree = "<group>"; };
		22A79E4F19B45D7900E00023 /* en */ = {isa = PBXFileReference; lastKnownFileType = text.plist.strings; name = en; path = en.lproj/InfoPlist.strings; sourceTree = "<group>"; };
		22A79E5119B45D7900E00023 /* main.m */ = {isa = PBXFileReference; lastKnownFileType = sourcecode.c.objc; path = main.m; sourceTree = "<group>"; };
		22A79E5319B45D7900E00023 /* PainManagementApp-Prefix.pch */ = {isa = PBXFileReference; lastKnownFileType = sourcecode.c.h; path = "PainManagementApp-Prefix.pch"; sourceTree = "<group>"; };
		22A79E5419B45D7900E00023 /* PMAppDelegate.h */ = {isa = PBXFileReference; lastKnownFileType = sourcecode.c.h; path = PMAppDelegate.h; sourceTree = "<group>"; };
		22A79E5519B45D7900E00023 /* PMAppDelegate.m */ = {isa = PBXFileReference; lastKnownFileType = sourcecode.c.objc; path = PMAppDelegate.m; sourceTree = "<group>"; };
		22A79E5819B45D7900E00023 /* Base */ = {isa = PBXFileReference; lastKnownFileType = file.storyboard; name = Base; path = Base.lproj/Main.storyboard; sourceTree = "<group>"; };
		22A79E5D19B45D7900E00023 /* Images.xcassets */ = {isa = PBXFileReference; lastKnownFileType = folder.assetcatalog; path = Images.xcassets; sourceTree = "<group>"; };
		22A79E6319B45D7900E00023 /* PainManagementAppTests.xctest */ = {isa = PBXFileReference; explicitFileType = wrapper.cfbundle; includeInIndex = 0; path = PainManagementAppTests.xctest; sourceTree = BUILT_PRODUCTS_DIR; };
		22A79E6419B45D7900E00023 /* XCTest.framework */ = {isa = PBXFileReference; lastKnownFileType = wrapper.framework; name = XCTest.framework; path = Library/Frameworks/XCTest.framework; sourceTree = DEVELOPER_DIR; };
		22A79E6C19B45D7900E00023 /* PainManagementAppTests-Info.plist */ = {isa = PBXFileReference; lastKnownFileType = text.plist.xml; path = "PainManagementAppTests-Info.plist"; sourceTree = "<group>"; };
		22A79E6E19B45D7900E00023 /* en */ = {isa = PBXFileReference; lastKnownFileType = text.plist.strings; name = en; path = en.lproj/InfoPlist.strings; sourceTree = "<group>"; };
		22A79E7019B45D7900E00023 /* PainManagementAppTests.m */ = {isa = PBXFileReference; lastKnownFileType = sourcecode.c.objc; path = PainManagementAppTests.m; sourceTree = "<group>"; };
		22A79E7E19B4610800E00023 /* PMDashBoardViewController.h */ = {isa = PBXFileReference; fileEncoding = 4; lastKnownFileType = sourcecode.c.h; path = PMDashBoardViewController.h; sourceTree = "<group>"; };
		22A79E7F19B4610800E00023 /* PMDashBoardViewController.m */ = {isa = PBXFileReference; fileEncoding = 4; lastKnownFileType = sourcecode.c.objc; path = PMDashBoardViewController.m; sourceTree = "<group>"; };
		22A79E8119B4634400E00023 /* list.png */ = {isa = PBXFileReference; lastKnownFileType = image.png; path = list.png; sourceTree = "<group>"; };
		22A79E8419B48A4200E00023 /* PMOverallPainViewController.h */ = {isa = PBXFileReference; fileEncoding = 4; lastKnownFileType = sourcecode.c.h; path = PMOverallPainViewController.h; sourceTree = "<group>"; };
		22A79E8519B48A4200E00023 /* PMOverallPainViewController.m */ = {isa = PBXFileReference; fileEncoding = 4; lastKnownFileType = sourcecode.c.objc; path = PMOverallPainViewController.m; sourceTree = "<group>"; };
		22A79E8719B48AC800E00023 /* PMOverallSliderCell.h */ = {isa = PBXFileReference; fileEncoding = 4; lastKnownFileType = sourcecode.c.h; path = PMOverallSliderCell.h; sourceTree = "<group>"; };
		22A79E8819B48AC800E00023 /* PMOverallSliderCell.m */ = {isa = PBXFileReference; fileEncoding = 4; lastKnownFileType = sourcecode.c.objc; path = PMOverallSliderCell.m; sourceTree = "<group>"; };
		22A79E8A19B490B500E00023 /* PMNotesTableCell.h */ = {isa = PBXFileReference; fileEncoding = 4; lastKnownFileType = sourcecode.c.h; path = PMNotesTableCell.h; sourceTree = "<group>"; };
		22A79E8B19B490B500E00023 /* PMNotesTableCell.m */ = {isa = PBXFileReference; fileEncoding = 4; lastKnownFileType = sourcecode.c.objc; path = PMNotesTableCell.m; sourceTree = "<group>"; };
		22BB7AEB19C0498D00DD7D53 /* PMSelectDayOrDateViewController.h */ = {isa = PBXFileReference; fileEncoding = 4; lastKnownFileType = sourcecode.c.h; path = PMSelectDayOrDateViewController.h; sourceTree = "<group>"; };
		22BB7AEC19C0498D00DD7D53 /* PMSelectDayOrDateViewController.m */ = {isa = PBXFileReference; fileEncoding = 4; lastKnownFileType = sourcecode.c.objc; path = PMSelectDayOrDateViewController.m; sourceTree = "<group>"; };
		22BB7AEE19C0718600DD7D53 /* PMConfirmCollectionViewCell.h */ = {isa = PBXFileReference; fileEncoding = 4; lastKnownFileType = sourcecode.c.h; path = PMConfirmCollectionViewCell.h; sourceTree = "<group>"; };
		22BB7AEF19C0718700DD7D53 /* PMConfirmCollectionViewCell.m */ = {isa = PBXFileReference; fileEncoding = 4; lastKnownFileType = sourcecode.c.objc; path = PMConfirmCollectionViewCell.m; sourceTree = "<group>"; };
		22E7DFBA19C01BD8000A1E7F /* PMSampleCollectionViewController.h */ = {isa = PBXFileReference; fileEncoding = 4; lastKnownFileType = sourcecode.c.h; name = PMSampleCollectionViewController.h; path = PainManagementApp/PMSampleCollectionViewController.h; sourceTree = "<group>"; };
		22E7DFBB19C01BD8000A1E7F /* PMSampleCollectionViewController.m */ = {isa = PBXFileReference; fileEncoding = 4; lastKnownFileType = sourcecode.c.objc; name = PMSampleCollectionViewController.m; path = PainManagementApp/PMSampleCollectionViewController.m; sourceTree = "<group>"; };
		22FC58DF19C19E73008DF361 /* DashBoardMenuItems.plist */ = {isa = PBXFileReference; fileEncoding = 4; lastKnownFileType = text.plist.xml; path = DashBoardMenuItems.plist; sourceTree = "<group>"; };
		22FC58E119C1A198008DF361 /* Constants.h */ = {isa = PBXFileReference; lastKnownFileType = sourcecode.c.h; path = Constants.h; sourceTree = "<group>"; };
		22FC58E419C1A355008DF361 /* PMDataHandler.h */ = {isa = PBXFileReference; fileEncoding = 4; lastKnownFileType = sourcecode.c.h; path = PMDataHandler.h; sourceTree = "<group>"; };
		22FC58E519C1A355008DF361 /* PMDataHandler.m */ = {isa = PBXFileReference; fileEncoding = 4; lastKnownFileType = sourcecode.c.objc; path = PMDataHandler.m; sourceTree = "<group>"; };
		22FC58E819C1A4DB008DF361 /* PMSignUpViewController.h */ = {isa = PBXFileReference; fileEncoding = 4; lastKnownFileType = sourcecode.c.h; path = PMSignUpViewController.h; sourceTree = "<group>"; };
		22FC58E919C1A4DB008DF361 /* PMSignUpViewController.m */ = {isa = PBXFileReference; fileEncoding = 4; lastKnownFileType = sourcecode.c.objc; path = PMSignUpViewController.m; sourceTree = "<group>"; };
		22FC58EB19C1A4EC008DF361 /* PMSignInViewController.h */ = {isa = PBXFileReference; fileEncoding = 4; lastKnownFileType = sourcecode.c.h; path = PMSignInViewController.h; sourceTree = "<group>"; };
		22FC58EC19C1A4EC008DF361 /* PMSignInViewController.m */ = {isa = PBXFileReference; fileEncoding = 4; lastKnownFileType = sourcecode.c.objc; path = PMSignInViewController.m; sourceTree = "<group>"; };
		38F0E8513E42460F853CF309 /* Pods.xcconfig */ = {isa = PBXFileReference; includeInIndex = 1; lastKnownFileType = text.xcconfig; name = Pods.xcconfig; path = ../Pods/Pods.xcconfig; sourceTree = "<group>"; };
		C4EE4E37EE644B3E90371A78 /* libPods.a */ = {isa = PBXFileReference; explicitFileType = archive.ar; includeInIndex = 0; path = libPods.a; sourceTree = BUILT_PRODUCTS_DIR; };
/* End PBXFileReference section */

/* Begin PBXFrameworksBuildPhase section */
		22A79E3F19B45D7900E00023 /* Frameworks */ = {
			isa = PBXFrameworksBuildPhase;
			buildActionMask = 2147483647;
			files = (
				22A79E4819B45D7900E00023 /* CoreGraphics.framework in Frameworks */,
				22A79E4A19B45D7900E00023 /* UIKit.framework in Frameworks */,
				22A79E4619B45D7900E00023 /* Foundation.framework in Frameworks */,
				CD2C4DCCF3C74B03BE1A08D0 /* libPods.a in Frameworks */,
			);
			runOnlyForDeploymentPostprocessing = 0;
		};
		22A79E6019B45D7900E00023 /* Frameworks */ = {
			isa = PBXFrameworksBuildPhase;
			buildActionMask = 2147483647;
			files = (
				22A79E6519B45D7900E00023 /* XCTest.framework in Frameworks */,
				22A79E6719B45D7900E00023 /* UIKit.framework in Frameworks */,
				22A79E6619B45D7900E00023 /* Foundation.framework in Frameworks */,
			);
			runOnlyForDeploymentPostprocessing = 0;
		};
/* End PBXFrameworksBuildPhase section */

/* Begin PBXGroup section */
		221D393719BEC698001690C4 /* AppoinmentsViewController */ = {
			isa = PBXGroup;
			children = (
				221D393D19BECDF6001690C4 /* PMPhysiciansViewController.h */,
				221D393E19BECDF6001690C4 /* PMPhysiciansViewController.m */,
				221D394419BEDFEB001690C4 /* PMAddAppointmentViewController.h */,
				221D394519BEDFEB001690C4 /* PMAddAppointmentViewController.m */,
				221D394719BEDFFE001690C4 /* PMSaveAppointmentViewController.h */,
				221D394819BEDFFE001690C4 /* PMSaveAppointmentViewController.m */,
				221D394A19BEE025001690C4 /* PMAppointmentRemindersViewController.h */,
				221D394B19BEE025001690C4 /* PMAppointmentRemindersViewController.m */,
			);
			name = AppoinmentsViewController;
			sourceTree = "<group>";
		};
		2279D7E119BF182100DCFF33 /* frequencyViewcontroller */ = {
			isa = PBXGroup;
			children = (
				22952ECA19B6FFFF0073E131 /* PMFrequencyViewController.h */,
				22952ECB19B6FFFF0073E131 /* PMFrequencyViewController.m */,
				22952ECD19B700130073E131 /* PMReminderPickerViewController.h */,
				22952ECE19B700130073E131 /* PMReminderPickerViewController.m */,
				2279D7E219BF19DB00DCFF33 /* PMGetDayViewController.h */,
				2279D7E319BF19DB00DCFF33 /* PMGetDayViewController.m */,
				22BB7AEB19C0498D00DD7D53 /* PMSelectDayOrDateViewController.h */,
				22BB7AEC19C0498D00DD7D53 /* PMSelectDayOrDateViewController.m */,
			);
			name = frequencyViewcontroller;
			sourceTree = "<group>";
		};
		2299D02419B598F000AA6252 /* PainManagementViewControllers */ = {
			isa = PBXGroup;
			children = (
				2299D02519B5994600AA6252 /* PMEmptyRootViewController.h */,
				2299D02619B5994600AA6252 /* PMEmptyRootViewController.m */,
				22A79E8419B48A4200E00023 /* PMOverallPainViewController.h */,
				22A79E8519B48A4200E00023 /* PMOverallPainViewController.m */,
				2299D02819B599AF00AA6252 /* PMFrontPainLocationViewController.h */,
				2299D02919B599AF00AA6252 /* PMFrontPainLocationViewController.m */,
				2299D02B19B599C200AA6252 /* PMBackPainLocationViewController.h */,
				2299D02C19B599C200AA6252 /* PMBackPainLocationViewController.m */,
			);
			name = PainManagementViewControllers;
			sourceTree = "<group>";
		};
		2299D03619B5E64A00AA6252 /* MedicationViewControllers */ = {
			isa = PBXGroup;
			children = (
				22FC58D719C183D8008DF361 /* SelectNewMedicationVC */,
				22FC58D819C183FD008DF361 /* AddMedicationReminders */,
				22FC58D919C18488008DF361 /* SelectOsteoporosisMedicationVC */,
				22FC58DA19C1853C008DF361 /* ScheduledRemindersVC */,
			);
			name = MedicationViewControllers;
			sourceTree = "<group>";
		};
		22A79E3919B45D7900E00023 = {
			isa = PBXGroup;
			children = (
				22E7DFBA19C01BD8000A1E7F /* PMSampleCollectionViewController.h */,
				22E7DFBB19C01BD8000A1E7F /* PMSampleCollectionViewController.m */,
				22A79E4B19B45D7900E00023 /* PainManagementApp */,
				22A79E4C19B45D7900E00023 /* Supporting Files */,
				22A79E4419B45D7900E00023 /* Frameworks */,
				22A79E4319B45D7900E00023 /* Products */,
			);
			sourceTree = "<group>";
		};
		22A79E4319B45D7900E00023 /* Products */ = {
			isa = PBXGroup;
			children = (
				22A79E4219B45D7900E00023 /* PainManagementApp.app */,
				22A79E6319B45D7900E00023 /* PainManagementAppTests.xctest */,
			);
			name = Products;
			sourceTree = "<group>";
		};
		22A79E4419B45D7900E00023 /* Frameworks */ = {
			isa = PBXGroup;
			children = (
				22A79E4519B45D7900E00023 /* Foundation.framework */,
				22A79E4719B45D7900E00023 /* CoreGraphics.framework */,
				22A79E4919B45D7900E00023 /* UIKit.framework */,
				22A79E6419B45D7900E00023 /* XCTest.framework */,
				C4EE4E37EE644B3E90371A78 /* libPods.a */,
			);
			name = Frameworks;
			sourceTree = "<group>";
		};
		22A79E4B19B45D7900E00023 /* PainManagementApp */ = {
			isa = PBXGroup;
			children = (
				22A79E5419B45D7900E00023 /* PMAppDelegate.h */,
				22A79E5519B45D7900E00023 /* PMAppDelegate.m */,
				22A79E5719B45D7900E00023 /* Main.storyboard */,
				22A79E7A19B4609300E00023 /* ViewControllers */,
				22A79E7B19B4609E00E00023 /* Views */,
				22FC58E319C1A2BD008DF361 /* DataManager */,
				22A79E7C19B460A500E00023 /* Modal Classes */,
				22FC58DE19C19DE6008DF361 /* Resources */,
				22A79E7D19B460B200E00023 /* Utilities */,
			);
			path = PainManagementApp;
			sourceTree = "<group>";
		};
		22A79E4C19B45D7900E00023 /* Supporting Files */ = {
			isa = PBXGroup;
			children = (
				22A79E6A19B45D7900E00023 /* PainManagementAppTests */,
				22A79E8319B4635100E00023 /* Images */,
				38F0E8513E42460F853CF309 /* Pods.xcconfig */,
				22A79E5D19B45D7900E00023 /* Images.xcassets */,
				22A79E4D19B45D7900E00023 /* PainManagementApp-Info.plist */,
				22A79E4E19B45D7900E00023 /* InfoPlist.strings */,
				22A79E5119B45D7900E00023 /* main.m */,
				22A79E5319B45D7900E00023 /* PainManagementApp-Prefix.pch */,
			);
			name = "Supporting Files";
			path = PainManagementApp;
			sourceTree = "<group>";
		};
		22A79E6A19B45D7900E00023 /* PainManagementAppTests */ = {
			isa = PBXGroup;
			children = (
				22A79E7019B45D7900E00023 /* PainManagementAppTests.m */,
				22A79E6B19B45D7900E00023 /* Supporting Files */,
			);
			path = PainManagementAppTests;
			sourceTree = SOURCE_ROOT;
		};
		22A79E6B19B45D7900E00023 /* Supporting Files */ = {
			isa = PBXGroup;
			children = (
				22A79E6C19B45D7900E00023 /* PainManagementAppTests-Info.plist */,
				22A79E6D19B45D7900E00023 /* InfoPlist.strings */,
			);
			name = "Supporting Files";
			sourceTree = "<group>";
		};
		22A79E7A19B4609300E00023 /* ViewControllers */ = {
			isa = PBXGroup;
			children = (
				22FC58E719C1A48E008DF361 /* LoginViewControllers */,
				22FC58D519C18387008DF361 /* DashBoardViewController */,
				22FC58D619C183A7008DF361 /* LandingPageViewController */,
				2299D03619B5E64A00AA6252 /* MedicationViewControllers */,
				2299D02419B598F000AA6252 /* PainManagementViewControllers */,
				221D393719BEC698001690C4 /* AppoinmentsViewController */,
			);
			name = ViewControllers;
			sourceTree = "<group>";
		};
		22A79E7B19B4609E00E00023 /* Views */ = {
			isa = PBXGroup;
			children = (
				22FC58DD19C19D1A008DF361 /* CollectionViewCells */,
				22FC58DC19C19CFA008DF361 /* TableViewCells */,
				22FC58DB19C19C15008DF361 /* ConfirmMedicationView */,
			);
			name = Views;
			sourceTree = "<group>";
		};
		22A79E7C19B460A500E00023 /* Modal Classes */ = {
			isa = PBXGroup;
			children = (
				229A13AD19B97C020002BEA7 /* PMMedicationModal.h */,
				229A13AE19B97C020002BEA7 /* PMMedicationModal.m */,
			);
			name = "Modal Classes";
			sourceTree = "<group>";
		};
		22A79E7D19B460B200E00023 /* Utilities */ = {
			isa = PBXGroup;
			children = (
				22952EC719B6F2A60073E131 /* Utilities.h */,
				22952EC819B6F2A60073E131 /* Utilities.m */,
			);
			name = Utilities;
			sourceTree = "<group>";
		};
		22A79E8319B4635100E00023 /* Images */ = {
			isa = PBXGroup;
			children = (
				2279D7DD19BF04BA00DCFF33 /* ball-orange.png */,
				2279D7DE19BF04BA00DCFF33 /* Blue_2DGlass_2DButton.png */,
				2279D7D719BF03D800DCFF33 /* ball-green.png */,
				221D394219BEDDAC001690C4 /* blank-clipboard-and-pen-with-stethoscope-870505.jpg */,
				221D393819BEC7EE001690C4 /* free-medical-clipart-medical_stethoscope_black.png */,
				2299D03019B5E56A00AA6252 /* methotrexate.jpeg */,
				2299D03119B5E56A00AA6252 /* Plaquenil.jpg */,
				2299D03219B5E56A00AA6252 /* sulfasalazine.jpeg */,
				2299D02219B5947700AA6252 /* flip.png */,
				22A79E8119B4634400E00023 /* list.png */,
			);
			name = Images;
			sourceTree = "<group>";
		};
		22FC58D519C18387008DF361 /* DashBoardViewController */ = {
			isa = PBXGroup;
			children = (
				22A79E7E19B4610800E00023 /* PMDashBoardViewController.h */,
				22A79E7F19B4610800E00023 /* PMDashBoardViewController.m */,
			);
			name = DashBoardViewController;
			sourceTree = "<group>";
		};
		22FC58D619C183A7008DF361 /* LandingPageViewController */ = {
			isa = PBXGroup;
			children = (
				221D393319BEBD47001690C4 /* PMLandingViewController.h */,
				221D393419BEBD47001690C4 /* PMLandingViewController.m */,
			);
			name = LandingPageViewController;
			sourceTree = "<group>";
		};
		22FC58D719C183D8008DF361 /* SelectNewMedicationVC */ = {
			isa = PBXGroup;
			children = (
				2299D03719B5E69600AA6252 /* PMAddMedicationViewController.h */,
				2299D03819B5E69600AA6252 /* PMAddMedicationViewController.m */,
			);
			name = SelectNewMedicationVC;
			sourceTree = "<group>";
		};
		22FC58D819C183FD008DF361 /* AddMedicationReminders */ = {
			isa = PBXGroup;
			children = (
				2299D04219B5FEA800AA6252 /* PMMedicationReminderViewController.h */,
				2299D04319B5FEA800AA6252 /* PMMedicationReminderViewController.m */,
				2279D7E119BF182100DCFF33 /* frequencyViewcontroller */,
			);
			name = AddMedicationReminders;
			sourceTree = "<group>";
		};
		22FC58D919C18488008DF361 /* SelectOsteoporosisMedicationVC */ = {
			isa = PBXGroup;
			children = (
				229A13B019B9B6300002BEA7 /* PMOsteoMedicationViewController.h */,
				229A13B119B9B6300002BEA7 /* PMOsteoMedicationViewController.m */,
			);
			name = SelectOsteoporosisMedicationVC;
			sourceTree = "<group>";
		};
		22FC58DA19C1853C008DF361 /* ScheduledRemindersVC */ = {
			isa = PBXGroup;
			children = (
				229A13B319B9CAB30002BEA7 /* PMScheduleViewController.h */,
				229A13B419B9CAB30002BEA7 /* PMScheduleViewController.m */,
			);
			name = ScheduledRemindersVC;
			sourceTree = "<group>";
		};
		22FC58DB19C19C15008DF361 /* ConfirmMedicationView */ = {
			isa = PBXGroup;
			children = (
				226C0DB519C0AD9D0081E7BD /* ConfirmView.xib */,
				226C0DBA19C0AEAA0081E7BD /* ConfirmView.h */,
				226C0DBB19C0AEAA0081E7BD /* ConfirmView.m */,
			);
			name = ConfirmMedicationView;
			sourceTree = "<group>";
		};
		22FC58DC19C19CFA008DF361 /* TableViewCells */ = {
			isa = PBXGroup;
			children = (
				221D393A19BECCAA001690C4 /* PMPhysicianCell.h */,
				221D393B19BECCAA001690C4 /* PMPhysicianCell.m */,
				22A79E8719B48AC800E00023 /* PMOverallSliderCell.h */,
				22A79E8819B48AC800E00023 /* PMOverallSliderCell.m */,
				22A79E8A19B490B500E00023 /* PMNotesTableCell.h */,
				22A79E8B19B490B500E00023 /* PMNotesTableCell.m */,
			);
			name = TableViewCells;
			sourceTree = "<group>";
		};
		22FC58DD19C19D1A008DF361 /* CollectionViewCells */ = {
			isa = PBXGroup;
			children = (
				22BB7AEE19C0718600DD7D53 /* PMConfirmCollectionViewCell.h */,
				22BB7AEF19C0718700DD7D53 /* PMConfirmCollectionViewCell.m */,
			);
			name = CollectionViewCells;
			sourceTree = "<group>";
		};
		22FC58DE19C19DE6008DF361 /* Resources */ = {
			isa = PBXGroup;
			children = (
				22FC58DF19C19E73008DF361 /* DashBoardMenuItems.plist */,
				22FC58E119C1A198008DF361 /* Constants.h */,
			);
			name = Resources;
			sourceTree = "<group>";
		};
		22FC58E319C1A2BD008DF361 /* DataManager */ = {
			isa = PBXGroup;
			children = (
				22FC58E419C1A355008DF361 /* PMDataHandler.h */,
				22FC58E519C1A355008DF361 /* PMDataHandler.m */,
			);
			name = DataManager;
			sourceTree = "<group>";
		};
		22FC58E719C1A48E008DF361 /* LoginViewControllers */ = {
			isa = PBXGroup;
			children = (
				22FC58E819C1A4DB008DF361 /* PMSignUpViewController.h */,
				22FC58E919C1A4DB008DF361 /* PMSignUpViewController.m */,
				22FC58EB19C1A4EC008DF361 /* PMSignInViewController.h */,
				22FC58EC19C1A4EC008DF361 /* PMSignInViewController.m */,
			);
			name = LoginViewControllers;
			sourceTree = "<group>";
		};
/* End PBXGroup section */

/* Begin PBXNativeTarget section */
		22A79E4119B45D7900E00023 /* PainManagementApp */ = {
			isa = PBXNativeTarget;
			buildConfigurationList = 22A79E7419B45D7900E00023 /* Build configuration list for PBXNativeTarget "PainManagementApp" */;
			buildPhases = (
				E71981895C9B4A6DAD0417D2 /* Check Pods Manifest.lock */,
				22A79E3E19B45D7900E00023 /* Sources */,
				22A79E3F19B45D7900E00023 /* Frameworks */,
				22A79E4019B45D7900E00023 /* Resources */,
				D632FDA67230494FB1E676DE /* Copy Pods Resources */,
			);
			buildRules = (
			);
			dependencies = (
			);
			name = PainManagementApp;
			productName = PainManagementApp;
			productReference = 22A79E4219B45D7900E00023 /* PainManagementApp.app */;
			productType = "com.apple.product-type.application";
		};
		22A79E6219B45D7900E00023 /* PainManagementAppTests */ = {
			isa = PBXNativeTarget;
			buildConfigurationList = 22A79E7719B45D7900E00023 /* Build configuration list for PBXNativeTarget "PainManagementAppTests" */;
			buildPhases = (
				22A79E5F19B45D7900E00023 /* Sources */,
				22A79E6019B45D7900E00023 /* Frameworks */,
				22A79E6119B45D7900E00023 /* Resources */,
			);
			buildRules = (
			);
			dependencies = (
				22A79E6919B45D7900E00023 /* PBXTargetDependency */,
			);
			name = PainManagementAppTests;
			productName = PainManagementAppTests;
			productReference = 22A79E6319B45D7900E00023 /* PainManagementAppTests.xctest */;
			productType = "com.apple.product-type.bundle.unit-test";
		};
/* End PBXNativeTarget section */

/* Begin PBXProject section */
		22A79E3A19B45D7900E00023 /* Project object */ = {
			isa = PBXProject;
			attributes = {
				CLASSPREFIX = PM;
				LastUpgradeCheck = 0500;
				ORGANIZATIONNAME = DenovoNow;
				TargetAttributes = {
					22A79E6219B45D7900E00023 = {
						TestTargetID = 22A79E4119B45D7900E00023;
					};
				};
			};
			buildConfigurationList = 22A79E3D19B45D7900E00023 /* Build configuration list for PBXProject "PainManagementApp" */;
			compatibilityVersion = "Xcode 3.2";
			developmentRegion = English;
			hasScannedForEncodings = 0;
			knownRegions = (
				en,
				Base,
			);
			mainGroup = 22A79E3919B45D7900E00023;
			productRefGroup = 22A79E4319B45D7900E00023 /* Products */;
			projectDirPath = "";
			projectRoot = "";
			targets = (
				22A79E4119B45D7900E00023 /* PainManagementApp */,
				22A79E6219B45D7900E00023 /* PainManagementAppTests */,
			);
		};
/* End PBXProject section */

/* Begin PBXResourcesBuildPhase section */
		22A79E4019B45D7900E00023 /* Resources */ = {
			isa = PBXResourcesBuildPhase;
			buildActionMask = 2147483647;
			files = (
				22A79E5E19B45D7900E00023 /* Images.xcassets in Resources */,
				2279D7DA19BF03D800DCFF33 /* ball-green.png in Resources */,
				2279D7DF19BF04BA00DCFF33 /* ball-orange.png in Resources */,
				221D394319BEDDAC001690C4 /* blank-clipboard-and-pen-with-stethoscope-870505.jpg in Resources */,
				2299D03319B5E56A00AA6252 /* methotrexate.jpeg in Resources */,
				226C0DB619C0AD9D0081E7BD /* ConfirmView.xib in Resources */,
				2299D02319B5947700AA6252 /* flip.png in Resources */,
				22A79E5019B45D7900E00023 /* InfoPlist.strings in Resources */,
				221D393919BEC7EE001690C4 /* free-medical-clipart-medical_stethoscope_black.png in Resources */,
				22A79E5919B45D7900E00023 /* Main.storyboard in Resources */,
				2279D7E019BF04BA00DCFF33 /* Blue_2DGlass_2DButton.png in Resources */,
				22A79E8219B4634400E00023 /* list.png in Resources */,
				2299D03419B5E56A00AA6252 /* Plaquenil.jpg in Resources */,
				2299D03519B5E56A00AA6252 /* sulfasalazine.jpeg in Resources */,
				22FC58E019C19E73008DF361 /* DashBoardMenuItems.plist in Resources */,
			);
			runOnlyForDeploymentPostprocessing = 0;
		};
		22A79E6119B45D7900E00023 /* Resources */ = {
			isa = PBXResourcesBuildPhase;
			buildActionMask = 2147483647;
			files = (
				22A79E6F19B45D7900E00023 /* InfoPlist.strings in Resources */,
			);
			runOnlyForDeploymentPostprocessing = 0;
		};
/* End PBXResourcesBuildPhase section */

/* Begin PBXShellScriptBuildPhase section */
		D632FDA67230494FB1E676DE /* Copy Pods Resources */ = {
			isa = PBXShellScriptBuildPhase;
			buildActionMask = 2147483647;
			files = (
			);
			inputPaths = (
			);
			name = "Copy Pods Resources";
			outputPaths = (
			);
			runOnlyForDeploymentPostprocessing = 0;
			shellPath = /bin/sh;
			shellScript = "\"${SRCROOT}/Pods/Pods-resources.sh\"\n";
			showEnvVarsInLog = 0;
		};
		E71981895C9B4A6DAD0417D2 /* Check Pods Manifest.lock */ = {
			isa = PBXShellScriptBuildPhase;
			buildActionMask = 2147483647;
			files = (
			);
			inputPaths = (
			);
			name = "Check Pods Manifest.lock";
			outputPaths = (
			);
			runOnlyForDeploymentPostprocessing = 0;
			shellPath = /bin/sh;
			shellScript = "diff \"${PODS_ROOT}/../Podfile.lock\" \"${PODS_ROOT}/Manifest.lock\" > /dev/null\nif [[ $? != 0 ]] ; then\n    cat << EOM\nerror: The sandbox is not in sync with the Podfile.lock. Run 'pod install' or update your CocoaPods installation.\nEOM\n    exit 1\nfi\n";
			showEnvVarsInLog = 0;
		};
/* End PBXShellScriptBuildPhase section */

/* Begin PBXSourcesBuildPhase section */
		22A79E3E19B45D7900E00023 /* Sources */ = {
			isa = PBXSourcesBuildPhase;
			buildActionMask = 2147483647;
			files = (
				2299D02D19B599C200AA6252 /* PMBackPainLocationViewController.m in Sources */,
				221D393C19BECCAA001690C4 /* PMPhysicianCell.m in Sources */,
				22A79E5219B45D7900E00023 /* main.m in Sources */,
				2299D04419B5FEA800AA6252 /* PMMedicationReminderViewController.m in Sources */,
				22A79E8619B48A4200E00023 /* PMOverallPainViewController.m in Sources */,
				22952ECC19B6FFFF0073E131 /* PMFrequencyViewController.m in Sources */,
				229A13AF19B97C020002BEA7 /* PMMedicationModal.m in Sources */,
				229A13B519B9CAB30002BEA7 /* PMScheduleViewController.m in Sources */,
				22A79E8019B4610800E00023 /* PMDashBoardViewController.m in Sources */,
				22FC58E619C1A355008DF361 /* PMDataHandler.m in Sources */,
				22952ECF19B700130073E131 /* PMReminderPickerViewController.m in Sources */,
				22A79E5619B45D7900E00023 /* PMAppDelegate.m in Sources */,
				2299D02A19B599AF00AA6252 /* PMFrontPainLocationViewController.m in Sources */,
				22FC58EA19C1A4DB008DF361 /* PMSignUpViewController.m in Sources */,
				226C0DBC19C0AEAA0081E7BD /* ConfirmView.m in Sources */,
				221D394619BEDFEB001690C4 /* PMAddAppointmentViewController.m in Sources */,
				22BB7AF019C0718700DD7D53 /* PMConfirmCollectionViewCell.m in Sources */,
				22FC58ED19C1A4EC008DF361 /* PMSignInViewController.m in Sources */,
				221D394C19BEE025001690C4 /* PMAppointmentRemindersViewController.m in Sources */,
				221D393519BEBD47001690C4 /* PMLandingViewController.m in Sources */,
				221D393F19BECDF6001690C4 /* PMPhysiciansViewController.m in Sources */,
				22E7DFBC19C01BD8000A1E7F /* PMSampleCollectionViewController.m in Sources */,
				229A13B219B9B6300002BEA7 /* PMOsteoMedicationViewController.m in Sources */,
				2299D02719B5994600AA6252 /* PMEmptyRootViewController.m in Sources */,
				22A79E8919B48AC800E00023 /* PMOverallSliderCell.m in Sources */,
				2299D03919B5E69600AA6252 /* PMAddMedicationViewController.m in Sources */,
				22952EC919B6F2A60073E131 /* Utilities.m in Sources */,
				22A79E8C19B490B500E00023 /* PMNotesTableCell.m in Sources */,
				221D394919BEDFFE001690C4 /* PMSaveAppointmentViewController.m in Sources */,
				2279D7E419BF19DB00DCFF33 /* PMGetDayViewController.m in Sources */,
				22BB7AED19C0498D00DD7D53 /* PMSelectDayOrDateViewController.m in Sources */,
			);
			runOnlyForDeploymentPostprocessing = 0;
		};
		22A79E5F19B45D7900E00023 /* Sources */ = {
			isa = PBXSourcesBuildPhase;
			buildActionMask = 2147483647;
			files = (
				22A79E7119B45D7900E00023 /* PainManagementAppTests.m in Sources */,
			);
			runOnlyForDeploymentPostprocessing = 0;
		};
/* End PBXSourcesBuildPhase section */

/* Begin PBXTargetDependency section */
		22A79E6919B45D7900E00023 /* PBXTargetDependency */ = {
			isa = PBXTargetDependency;
			target = 22A79E4119B45D7900E00023 /* PainManagementApp */;
			targetProxy = 22A79E6819B45D7900E00023 /* PBXContainerItemProxy */;
		};
/* End PBXTargetDependency section */

/* Begin PBXVariantGroup section */
		22A79E4E19B45D7900E00023 /* InfoPlist.strings */ = {
			isa = PBXVariantGroup;
			children = (
				22A79E4F19B45D7900E00023 /* en */,
			);
			name = InfoPlist.strings;
			sourceTree = "<group>";
		};
		22A79E5719B45D7900E00023 /* Main.storyboard */ = {
			isa = PBXVariantGroup;
			children = (
				22A79E5819B45D7900E00023 /* Base */,
			);
			name = Main.storyboard;
			sourceTree = "<group>";
		};
		22A79E6D19B45D7900E00023 /* InfoPlist.strings */ = {
			isa = PBXVariantGroup;
			children = (
				22A79E6E19B45D7900E00023 /* en */,
			);
			name = InfoPlist.strings;
			sourceTree = "<group>";
		};
/* End PBXVariantGroup section */

/* Begin XCBuildConfiguration section */
		22A79E7219B45D7900E00023 /* Debug */ = {
			isa = XCBuildConfiguration;
			buildSettings = {
				ALWAYS_SEARCH_USER_PATHS = NO;
				ARCHS = "$(ARCHS_STANDARD_INCLUDING_64_BIT)";
				CLANG_CXX_LANGUAGE_STANDARD = "gnu++0x";
				CLANG_CXX_LIBRARY = "libc++";
				CLANG_ENABLE_MODULES = YES;
				CLANG_ENABLE_OBJC_ARC = YES;
				CLANG_WARN_BOOL_CONVERSION = YES;
				CLANG_WARN_CONSTANT_CONVERSION = YES;
				CLANG_WARN_DIRECT_OBJC_ISA_USAGE = YES_ERROR;
				CLANG_WARN_EMPTY_BODY = YES;
				CLANG_WARN_ENUM_CONVERSION = YES;
				CLANG_WARN_INT_CONVERSION = YES;
				CLANG_WARN_OBJC_ROOT_CLASS = YES_ERROR;
				CLANG_WARN__DUPLICATE_METHOD_MATCH = YES;
				"CODE_SIGN_IDENTITY[sdk=iphoneos*]" = "iPhone Developer";
				COPY_PHASE_STRIP = NO;
				GCC_C_LANGUAGE_STANDARD = gnu99;
				GCC_DYNAMIC_NO_PIC = NO;
				GCC_OPTIMIZATION_LEVEL = 0;
				GCC_PREPROCESSOR_DEFINITIONS = (
					"DEBUG=1",
					"$(inherited)",
				);
				GCC_SYMBOLS_PRIVATE_EXTERN = NO;
				GCC_WARN_64_TO_32_BIT_CONVERSION = YES;
				GCC_WARN_ABOUT_RETURN_TYPE = YES_ERROR;
				GCC_WARN_UNDECLARED_SELECTOR = YES;
				GCC_WARN_UNINITIALIZED_AUTOS = YES;
				GCC_WARN_UNUSED_FUNCTION = YES;
				GCC_WARN_UNUSED_VARIABLE = YES;
				IPHONEOS_DEPLOYMENT_TARGET = 7.0;
				ONLY_ACTIVE_ARCH = YES;
				SDKROOT = iphoneos;
			};
			name = Debug;
		};
		22A79E7319B45D7900E00023 /* Release */ = {
			isa = XCBuildConfiguration;
			buildSettings = {
				ALWAYS_SEARCH_USER_PATHS = NO;
				ARCHS = "$(ARCHS_STANDARD_INCLUDING_64_BIT)";
				CLANG_CXX_LANGUAGE_STANDARD = "gnu++0x";
				CLANG_CXX_LIBRARY = "libc++";
				CLANG_ENABLE_MODULES = YES;
				CLANG_ENABLE_OBJC_ARC = YES;
				CLANG_WARN_BOOL_CONVERSION = YES;
				CLANG_WARN_CONSTANT_CONVERSION = YES;
				CLANG_WARN_DIRECT_OBJC_ISA_USAGE = YES_ERROR;
				CLANG_WARN_EMPTY_BODY = YES;
				CLANG_WARN_ENUM_CONVERSION = YES;
				CLANG_WARN_INT_CONVERSION = YES;
				CLANG_WARN_OBJC_ROOT_CLASS = YES_ERROR;
				CLANG_WARN__DUPLICATE_METHOD_MATCH = YES;
				"CODE_SIGN_IDENTITY[sdk=iphoneos*]" = "iPhone Developer";
				COPY_PHASE_STRIP = YES;
				ENABLE_NS_ASSERTIONS = NO;
				GCC_C_LANGUAGE_STANDARD = gnu99;
				GCC_WARN_64_TO_32_BIT_CONVERSION = YES;
				GCC_WARN_ABOUT_RETURN_TYPE = YES_ERROR;
				GCC_WARN_UNDECLARED_SELECTOR = YES;
				GCC_WARN_UNINITIALIZED_AUTOS = YES;
				GCC_WARN_UNUSED_FUNCTION = YES;
				GCC_WARN_UNUSED_VARIABLE = YES;
				IPHONEOS_DEPLOYMENT_TARGET = 7.0;
				SDKROOT = iphoneos;
				VALIDATE_PRODUCT = YES;
			};
			name = Release;
		};
		22A79E7519B45D7900E00023 /* Debug */ = {
			isa = XCBuildConfiguration;
			baseConfigurationReference = 38F0E8513E42460F853CF309 /* Pods.xcconfig */;
			buildSettings = {
				ASSETCATALOG_COMPILER_APPICON_NAME = AppIcon;
				ASSETCATALOG_COMPILER_LAUNCHIMAGE_NAME = LaunchImage;
				CODE_SIGN_IDENTITY = "iPhone Developer: PRATHAPAN SETHUMAPHAVAN (3KHRN2958R)";
				"CODE_SIGN_IDENTITY[sdk=iphoneos*]" = "iPhone Developer: PRATHAPAN SETHUMAPHAVAN (3KHRN2958R)";
				GCC_PRECOMPILE_PREFIX_HEADER = YES;
				GCC_PREFIX_HEADER = "PainManagementApp/PainManagementApp-Prefix.pch";
				INFOPLIST_FILE = "PainManagementApp/PainManagementApp-Info.plist";
				IPHONEOS_DEPLOYMENT_TARGET = 7.0;
				PRODUCT_NAME = "$(TARGET_NAME)";
				TARGETED_DEVICE_FAMILY = 1;
				WRAPPER_EXTENSION = app;
			};
			name = Debug;
		};
		22A79E7619B45D7900E00023 /* Release */ = {
			isa = XCBuildConfiguration;
			baseConfigurationReference = 38F0E8513E42460F853CF309 /* Pods.xcconfig */;
			buildSettings = {
				ASSETCATALOG_COMPILER_APPICON_NAME = AppIcon;
				ASSETCATALOG_COMPILER_LAUNCHIMAGE_NAME = LaunchImage;
				CODE_SIGN_IDENTITY = "iPhone Developer: PRATHAPAN SETHUMAPHAVAN (3KHRN2958R)";
				GCC_PRECOMPILE_PREFIX_HEADER = YES;
				GCC_PREFIX_HEADER = "PainManagementApp/PainManagementApp-Prefix.pch";
				INFOPLIST_FILE = "PainManagementApp/PainManagementApp-Info.plist";
				IPHONEOS_DEPLOYMENT_TARGET = 7.0;
				PRODUCT_NAME = "$(TARGET_NAME)";
				TARGETED_DEVICE_FAMILY = 1;
				WRAPPER_EXTENSION = app;
			};
			name = Release;
		};
		22A79E7819B45D7900E00023 /* Debug */ = {
			isa = XCBuildConfiguration;
			buildSettings = {
				ARCHS = "$(ARCHS_STANDARD_INCLUDING_64_BIT)";
				BUNDLE_LOADER = "$(BUILT_PRODUCTS_DIR)/PainManagementApp.app/PainManagementApp";
				FRAMEWORK_SEARCH_PATHS = (
					"$(SDKROOT)/Developer/Library/Frameworks",
					"$(inherited)",
					"$(DEVELOPER_FRAMEWORKS_DIR)",
				);
				GCC_PRECOMPILE_PREFIX_HEADER = YES;
				GCC_PREFIX_HEADER = "PainManagementApp/PainManagementApp-Prefix.pch";
				GCC_PREPROCESSOR_DEFINITIONS = (
					"DEBUG=1",
					"$(inherited)",
				);
				INFOPLIST_FILE = "PainManagementAppTests/PainManagementAppTests-Info.plist";
				PRODUCT_NAME = "$(TARGET_NAME)";
				TEST_HOST = "$(BUNDLE_LOADER)";
				WRAPPER_EXTENSION = xctest;
			};
			name = Debug;
		};
		22A79E7919B45D7900E00023 /* Release */ = {
			isa = XCBuildConfiguration;
			buildSettings = {
				ARCHS = "$(ARCHS_STANDARD_INCLUDING_64_BIT)";
				BUNDLE_LOADER = "$(BUILT_PRODUCTS_DIR)/PainManagementApp.app/PainManagementApp";
				FRAMEWORK_SEARCH_PATHS = (
					"$(SDKROOT)/Developer/Library/Frameworks",
					"$(inherited)",
					"$(DEVELOPER_FRAMEWORKS_DIR)",
				);
				GCC_PRECOMPILE_PREFIX_HEADER = YES;
				GCC_PREFIX_HEADER = "PainManagementApp/PainManagementApp-Prefix.pch";
				INFOPLIST_FILE = "PainManagementAppTests/PainManagementAppTests-Info.plist";
				PRODUCT_NAME = "$(TARGET_NAME)";
				TEST_HOST = "$(BUNDLE_LOADER)";
				WRAPPER_EXTENSION = xctest;
			};
			name = Release;
		};
/* End XCBuildConfiguration section */

/* Begin XCConfigurationList section */
		22A79E3D19B45D7900E00023 /* Build configuration list for PBXProject "PainManagementApp" */ = {
			isa = XCConfigurationList;
			buildConfigurations = (
				22A79E7219B45D7900E00023 /* Debug */,
				22A79E7319B45D7900E00023 /* Release */,
			);
			defaultConfigurationIsVisible = 0;
			defaultConfigurationName = Release;
		};
		22A79E7419B45D7900E00023 /* Build configuration list for PBXNativeTarget "PainManagementApp" */ = {
			isa = XCConfigurationList;
			buildConfigurations = (
				22A79E7519B45D7900E00023 /* Debug */,
				22A79E7619B45D7900E00023 /* Release */,
			);
			defaultConfigurationIsVisible = 0;
			defaultConfigurationName = Release;
		};
		22A79E7719B45D7900E00023 /* Build configuration list for PBXNativeTarget "PainManagementAppTests" */ = {
			isa = XCConfigurationList;
			buildConfigurations = (
				22A79E7819B45D7900E00023 /* Debug */,
				22A79E7919B45D7900E00023 /* Release */,
			);
			defaultConfigurationIsVisible = 0;
			defaultConfigurationName = Release;
		};
/* End XCConfigurationList section */
	};
	rootObject = 22A79E3A19B45D7900E00023 /* Project object */;
}
